
Microsoft Visual Studio Solution File, Format Version 12.00
# Visual Studio 15
VisualStudioVersion = 15.0.28010.2003
MinimumVisualStudioVersion = 10.0.40219.1
Project("{FAE04EC0-301F-11D3-BF4B-00C04F79EFBC}") = "Facebook", "Facebook\Facebook.csproj", "{BB42B76E-27CE-4EC7-A688-3911ABD4A4EB}"
EndProject
Global
	GlobalSection(SolutionConfigurationPlatforms) = preSolution
		Debug|Any CPU = Debug|Any CPU
		Release|Any CPU = Release|Any CPU
	EndGlobalSection
	GlobalSection(ProjectConfigurationPlatforms) = postSolution
		{BB42B76E-27CE-4EC7-A688-3911ABD4A4EB}.Debug|Any CPU.ActiveCfg = Debug|Any CPU
		{BB42B76E-27CE-4EC7-A688-3911ABD4A4EB}.Debug|Any CPU.Build.0 = Debug|Any CPU
		{BB42B76E-27CE-4EC7-A688-3911ABD4A4EB}.Release|Any CPU.ActiveCfg = Release|Any CPU
		{BB42B76E-27CE-4EC7-A688-3911ABD4A4EB}.Release|Any CPU.Build.0 = Release|Any CPU
	EndGlobalSection
	GlobalSection(SolutionProperties) = preSolution
		HideSolutionNode = FALSE
	EndGlobalSection
	GlobalSection(ExtensibilityGlobals) = postSolution
		SolutionGuid = {9FE53FDB-1AFB-4545-8386-7BC86ABEF818}
	EndGlobalSection
EndGlobal
